hash: 21c21900a3d4e1fb19d6bfec8c759781fb7526992de24d56ceec1a6511807263
updated: 2017-12-08T17:12:20.38050008+08:00
imports:
- name: github.com/astaxie/beego
  version: bf5c5626ab429e66d88602e1ab1ab5fbf4629a01
  subpackages:
  - orm
- name: github.com/mattn/go-sqlite3
  version: ed69081a91fd053f17672236b0dd52ba7485e1a3
- name: golang.org/x/net
  version: dc871a5d77e227f5bbf6545176ef3eeebf87e76e
  subpackages:
  - context
- name: golang.org/x/tools
  version: a5ff95640e8c289d9c807a532e8110268036c0dd
  subpackages:
  - present
- name: gopkg.in/yaml.v2
  version: 287cf08546ab5e7e37d55a84f7ed3fd1db036de5
testImports: []
